
Microsoft Visual Studio Solution File, Format Version 12.00
# Visual Studio Version 17
VisualStudioVersion = 17.0.31903.59
MinimumVisualStudioVersion = 10.0.40219.1
Project("{FAE04EC0-301F-11D3-BF4B-00C04F79EFBC}") = "Roguelike", "Roguelike.csproj", "{CC392E4C-F62B-4BC6-9618-184039092A6D}"
EndProject
Global
	GlobalSection(SolutionConfigurationPlatforms) = preSolution
		Debug|Any CPU = Debug|Any CPU
		Release|Any CPU = Release|Any CPU
	EndGlobalSection
	GlobalSection(ProjectConfigurationPlatforms) = postSolution
		{CC392E4C-F62B-4BC6-9618-184039092A6D}.Debug|Any CPU.ActiveCfg = Debug|Any CPU
		{CC392E4C-F62B-4BC6-9618-184039092A6D}.Debug|Any CPU.Build.0 = Debug|Any CPU
		{CC392E4C-F62B-4BC6-9618-184039092A6D}.Release|Any CPU.ActiveCfg = Release|Any CPU
		{CC392E4C-F62B-4BC6-9618-184039092A6D}.Release|Any CPU.Build.0 = Release|Any CPU
	EndGlobalSection
	GlobalSection(SolutionProperties) = preSolution
		HideSolutionNode = FALSE
	EndGlobalSection
	GlobalSection(ExtensibilityGlobals) = postSolution
		SolutionGuid = {422FD081-A0C7-4D10-B44B-9B8949DE92A1}
	EndGlobalSection
EndGlobal
